# THIS IS AN AUTOGENERATED FILE. DO NOT EDIT THIS FILE DIRECTLY.
# yarn lockfile v1


"@babel/runtime-corejs3@7.10.3":
  version "7.10.3"
  resolved "https://registry.npm.taobao.org/@babel/runtime-corejs3/download/@babel/runtime-corejs3-7.10.3.tgz#931ed6941d3954924a7aa967ee440e60c507b91a"
  integrity sha1-kx7WlB05VJJKeqln7kQOYMUHuRo=
  dependencies:
    core-js-pure "^3.0.0"
    regenerator-runtime "^0.13.4"

"@babel/runtime@7.10.3":
  version "7.10.3"
  resolved "https://registry.npm.taobao.org/@babel/runtime/download/@babel/runtime-7.10.3.tgz?cache=0&sync_timestamp=1596637820375&other_urls=https%3A%2F%2Fregistry.npm.taobao.org%2F%40babel%2Fruntime%2Fdownload%2F%40babel%2Fruntime-7.10.3.tgz#670d002655a7c366540c67f6fd3342cd09500364"
  integrity sha1-Zw0AJlWnw2ZUDGf2/TNCzQlQA2Q=
  dependencies:
    regenerator-runtime "^0.13.4"

charenc@0.0.2:
  version "0.0.2"
  resolved "https://registry.npm.taobao.org/charenc/download/charenc-0.0.2.tgz#c0a1d2f3a7092e03774bfa83f14c0fc5790a8667"
  integrity sha1-wKHS86cJLgN3S/qD8UwPxXkKhmc=

core-js-pure@^3.0.0:
  version "3.6.5"
  resolved "https://registry.npm.taobao.org/core-js-pure/download/core-js-pure-3.6.5.tgz#c79e75f5e38dbc85a662d91eea52b8256d53b813"
  integrity sha1-x5519eONvIWmYtke6lK4JW1TuBM=

crypt@0.0.2:
  version "0.0.2"
  resolved "https://registry.npm.taobao.org/crypt/download/crypt-0.0.2.tgz#88d7ff7ec0dfb86f713dc87bbb42d044d3e6c41b"
  integrity sha1-iNf/fsDfuG9xPch7u0LQRNPmxBs=

crypto-js@4.0.0:
  version "4.0.0"
  resolved "https://registry.npm.taobao.org/crypto-js/download/crypto-js-4.0.0.tgz#2904ab2677a9d042856a2ea2ef80de92e4a36dcc"
  integrity sha1-KQSrJnep0EKFai6i74DekuSjbcw=

is-buffer@~1.1.6:
  version "1.1.6"
  resolved "https://registry.npm.taobao.org/is-buffer/download/is-buffer-1.1.6.tgz#efaa2ea9daa0d7ab2ea13a97b2b8ad51fefbe8be"
  integrity sha1-76ouqdqg16suoTqXsritUf776L4=

md5@^2.3.0:
  version "2.3.0"
  resolved "https://registry.npm.taobao.org/md5/download/md5-2.3.0.tgz?cache=0&sync_timestamp=1596362680344&other_urls=https%3A%2F%2Fregistry.npm.taobao.org%2Fmd5%2Fdownload%2Fmd5-2.3.0.tgz#c3da9a6aae3a30b46b7b0c349b87b110dc3bda4f"
  integrity sha1-w9qaaq46MLRreww0m4exENw72k8=
  dependencies:
    charenc "0.0.2"
    crypt "0.0.2"
    is-buffer "~1.1.6"

parse@^2.15.0:
  version "2.15.0"
  resolved "https://registry.npm.taobao.org/parse/download/parse-2.15.0.tgz#eb2fffe71645ac128b2b53cea638d1a9e6bb49d4"
  integrity sha1-6y//5xZFrBKLK1POpjjRqea7SdQ=
  dependencies:
    "@babel/runtime" "7.10.3"
    "@babel/runtime-corejs3" "7.10.3"
    crypto-js "4.0.0"
    react-native-crypto-js "1.0.0"
    uuid "3.4.0"
    ws "7.3.0"
    xmlhttprequest "1.8.0"

react-native-crypto-js@1.0.0:
  version "1.0.0"
  resolved "https://registry.npm.taobao.org/react-native-crypto-js/download/react-native-crypto-js-1.0.0.tgz#e677e022e147f41b35614416c92d655f87e2450a"
  integrity sha1-5nfgIuFH9Bs1YUQWyS1lX4fiRQo=

regenerator-runtime@^0.13.4:
  version "0.13.7"
  resolved "https://registry.npm.taobao.org/regenerator-runtime/download/regenerator-runtime-0.13.7.tgz?cache=0&sync_timestamp=1595456105304&other_urls=https%3A%2F%2Fregistry.npm.taobao.org%2Fregenerator-runtime%2Fdownload%2Fregenerator-runtime-0.13.7.tgz#cac2dacc8a1ea675feaabaeb8ae833898ae46f55"
  integrity sha1-ysLazIoepnX+qrrriugziYrkb1U=

uuid@3.4.0:
  version "3.4.0"
  resolved "https://registry.npm.taobao.org/uuid/download/uuid-3.4.0.tgz?cache=0&sync_timestamp=1595886825323&other_urls=https%3A%2F%2Fregistry.npm.taobao.org%2Fuuid%2Fdownload%2Fuuid-3.4.0.tgz#b23e4358afa8a202fe7a100af1f5f883f02007ee"
  integrity sha1-sj5DWK+oogL+ehAK8fX4g/AgB+4=

ws@7.3.0:
  version "7.3.0"
  resolved "https://registry.npm.taobao.org/ws/download/ws-7.3.0.tgz?cache=0&sync_timestamp=1593925518385&other_urls=https%3A%2F%2Fregistry.npm.taobao.org%2Fws%2Fdownload%2Fws-7.3.0.tgz#4b2f7f219b3d3737bc1a2fbf145d825b94d38ffd"
  integrity sha1-Sy9/IZs9Nze8Gi+/FF2CW5TTj/0=

xmlhttprequest@1.8.0:
  version "1.8.0"
  resolved "https://registry.npm.taobao.org/xmlhttprequest/download/xmlhttprequest-1.8.0.tgz#67fe075c5c24fef39f9d65f5f7b7fe75171968fc"
  integrity sha1-Z/4HXFwk/vOfnWX197f+dRcZaPw=
